{
  "name": "vibe-product-os",
  "version": "0.1.0-alpha.0",
  "lockfileVersion": 3,
  "requires": true,
  "packages": {
    "": {
      "name": "vibe-product-os",
      "version": "0.1.0-alpha.0",
      "license": "UNLICENSED",
      "bin": {
        "vibe-product-os": "bin/vibe-product-os.js",
        "vpo": "bin/vibe-product-os.js"
      },
      "engines": {
        "node": ">=18.0.0"
      }
    }
  }
}
